
Microsoft Visual Studio Solution File, Format Version 12.00
# Visual Studio Version 16
VisualStudioVersion = 16.0.31112.23
MinimumVisualStudioVersion = 10.0.40219.1
Project("{FAE04EC0-301F-11D3-BF4B-00C04F79EFBC}") = "proj1", "proj1.csproj", "{A8EF2B1F-1FCB-4C7A-A1F4-08CA9F0DF086}"
EndProject
Global
	GlobalSection(SolutionConfigurationPlatforms) = preSolution
		Debug|Any CPU = Debug|Any CPU
		Release|Any CPU = Release|Any CPU
	EndGlobalSection
	GlobalSection(ProjectConfigurationPlatforms) = postSolution
		{A8EF2B1F-1FCB-4C7A-A1F4-08CA9F0DF086}.Debug|Any CPU.ActiveCfg = Debug|Any CPU
		{A8EF2B1F-1FCB-4C7A-A1F4-08CA9F0DF086}.Debug|Any CPU.Build.0 = Debug|Any CPU
		{A8EF2B1F-1FCB-4C7A-A1F4-08CA9F0DF086}.Release|Any CPU.ActiveCfg = Release|Any CPU
		{A8EF2B1F-1FCB-4C7A-A1F4-08CA9F0DF086}.Release|Any CPU.Build.0 = Release|Any CPU
	EndGlobalSection
	GlobalSection(SolutionProperties) = preSolution
		HideSolutionNode = FALSE
	EndGlobalSection
	GlobalSection(ExtensibilityGlobals) = postSolution
		SolutionGuid = {4A6D5BDF-6FD3-4C13-AECE-ED6D6698B201}
	EndGlobalSection
EndGlobal
